
Microsoft Visual Studio Solution File, Format Version 12.00
# Visual Studio Version 16
VisualStudioVersion = 16.0.30621.155
MinimumVisualStudioVersion = 10.0.40219.1
Project("{FAE04EC0-301F-11D3-BF4B-00C04F79EFBC}") = "KomodoRepo", "KomodoTest\KomodoRepo.csproj", "{B76FDFBB-9C1D-4976-A72B-9D43D94FAEE0}"
EndProject
Project("{FAE04EC0-301F-11D3-BF4B-00C04F79EFBC}") = "RepoTest", "RepoTest\RepoTest.csproj", "{79FE7C4D-2512-4D08-B3B0-1739B14B8D4B}"
EndProject
Project("{FAE04EC0-301F-11D3-BF4B-00C04F79EFBC}") = "Program_Console", "Komodo_UI\Program_Console.csproj", "{FA463493-5ABE-4A84-A334-9F9CC412760A}"
EndProject
Global
	GlobalSection(SolutionConfigurationPlatforms) = preSolution
		Debug|Any CPU = Debug|Any CPU
		Release|Any CPU = Release|Any CPU
	EndGlobalSection
	GlobalSection(ProjectConfigurationPlatforms) = postSolution
		{B76FDFBB-9C1D-4976-A72B-9D43D94FAEE0}.Debug|Any CPU.ActiveCfg = Debug|Any CPU
		{B76FDFBB-9C1D-4976-A72B-9D43D94FAEE0}.Debug|Any CPU.Build.0 = Debug|Any CPU
		{B76FDFBB-9C1D-4976-A72B-9D43D94FAEE0}.Release|Any CPU.ActiveCfg = Release|Any CPU
		{B76FDFBB-9C1D-4976-A72B-9D43D94FAEE0}.Release|Any CPU.Build.0 = Release|Any CPU
		{79FE7C4D-2512-4D08-B3B0-1739B14B8D4B}.Debug|Any CPU.ActiveCfg = Debug|Any CPU
		{79FE7C4D-2512-4D08-B3B0-1739B14B8D4B}.Debug|Any CPU.Build.0 = Debug|Any CPU
		{79FE7C4D-2512-4D08-B3B0-1739B14B8D4B}.Release|Any CPU.ActiveCfg = Release|Any CPU
		{79FE7C4D-2512-4D08-B3B0-1739B14B8D4B}.Release|Any CPU.Build.0 = Release|Any CPU
		{FA463493-5ABE-4A84-A334-9F9CC412760A}.Debug|Any CPU.ActiveCfg = Debug|Any CPU
		{FA463493-5ABE-4A84-A334-9F9CC412760A}.Debug|Any CPU.Build.0 = Debug|Any CPU
		{FA463493-5ABE-4A84-A334-9F9CC412760A}.Release|Any CPU.ActiveCfg = Release|Any CPU
		{FA463493-5ABE-4A84-A334-9F9CC412760A}.Release|Any CPU.Build.0 = Release|Any CPU
	EndGlobalSection
	GlobalSection(SolutionProperties) = preSolution
		HideSolutionNode = FALSE
	EndGlobalSection
	GlobalSection(ExtensibilityGlobals) = postSolution
		SolutionGuid = {D23462AC-D4E7-40C4-BA23-313A4370C6AD}
	EndGlobalSection
EndGlobal
